
Microsoft Visual Studio Solution File, Format Version 12.00
# Visual Studio Version 17
VisualStudioVersion = 17.6.33829.357
MinimumVisualStudioVersion = 10.0.40219.1
Project("{FAE04EC0-301F-11D3-BF4B-00C04F79EFBC}") = "RacecarMVC", "RacecarMVC\RacecarMVC.csproj", "{E009C867-2121-48E8-A6C2-47A448C4D51A}"
EndProject
Global
	GlobalSection(SolutionConfigurationPlatforms) = preSolution
		Debug|Any CPU = Debug|Any CPU
		Release|Any CPU = Release|Any CPU
	EndGlobalSection
	GlobalSection(ProjectConfigurationPlatforms) = postSolution
		{E009C867-2121-48E8-A6C2-47A448C4D51A}.Debug|Any CPU.ActiveCfg = Debug|Any CPU
		{E009C867-2121-48E8-A6C2-47A448C4D51A}.Debug|Any CPU.Build.0 = Debug|Any CPU
		{E009C867-2121-48E8-A6C2-47A448C4D51A}.Release|Any CPU.ActiveCfg = Release|Any CPU
		{E009C867-2121-48E8-A6C2-47A448C4D51A}.Release|Any CPU.Build.0 = Release|Any CPU
	EndGlobalSection
	GlobalSection(SolutionProperties) = preSolution
		HideSolutionNode = FALSE
	EndGlobalSection
	GlobalSection(ExtensibilityGlobals) = postSolution
		SolutionGuid = {B713A52C-CF66-4096-AD98-A8DC2F5E2015}
	EndGlobalSection
EndGlobal
